// !$*UTF8*$!
{
	archiveVersion = 1;
	classes = {
	};
	objectVersion = 46;
	objects = {

/* Begin PBXBuildFile section */
		6482443E1941454D0029BC31 /* Foundation.framework in Frameworks */ = {isa = PBXBuildFile; fileRef = 6482443D1941454D0029BC31 /* Foundation.framework */; };
		648244401941454D0029BC31 /* CoreGraphics.framework in Frameworks */ = {isa = PBXBuildFile; fileRef = 6482443F1941454D0029BC31 /* CoreGraphics.framework */; };
		648244421941454D0029BC31 /* UIKit.framework in Frameworks */ = {isa = PBXBuildFile; fileRef = 648244411941454D0029BC31 /* UIKit.framework */; };
		648244481941454D0029BC31 /* InfoPlist.strings in Resources */ = {isa = PBXBuildFile; fileRef = 648244461941454D0029BC31 /* InfoPlist.strings */; };
		6482444A1941454D0029BC31 /* main.m in Sources */ = {isa = PBXBuildFile; fileRef = 648244491941454D0029BC31 /* main.m */; };
		6482444E1941454D0029BC31 /* AppDelegate.m in Sources */ = {isa = PBXBuildFile; fileRef = 6482444D1941454D0029BC31 /* AppDelegate.m */; };
		648244501941454D0029BC31 /* Images.xcassets in Resources */ = {isa = PBXBuildFile; fileRef = 6482444F1941454D0029BC31 /* Images.xcassets */; };
		648244571941454E0029BC31 /* XCTest.framework in Frameworks */ = {isa = PBXBuildFile; fileRef = 648244561941454E0029BC31 /* XCTest.framework */; };
		648244581941454E0029BC31 /* Foundation.framework in Frameworks */ = {isa = PBXBuildFile; fileRef = 6482443D1941454D0029BC31 /* Foundation.framework */; };
		648244591941454E0029BC31 /* UIKit.framework in Frameworks */ = {isa = PBXBuildFile; fileRef = 648244411941454D0029BC31 /* UIKit.framework */; };
		648244611941454E0029BC31 /* InfoPlist.strings in Resources */ = {isa = PBXBuildFile; fileRef = 6482445F1941454E0029BC31 /* InfoPlist.strings */; };
		648244631941454E0029BC31 /* newtipcalcTests.m in Sources */ = {isa = PBXBuildFile; fileRef = 648244621941454E0029BC31 /* newtipcalcTests.m */; };
		6482446F1941457C0029BC31 /* TipViewController.m in Sources */ = {isa = PBXBuildFile; fileRef = 6482446D1941457C0029BC31 /* TipViewController.m */; };
		648244701941457C0029BC31 /* TipViewController.xib in Resources */ = {isa = PBXBuildFile; fileRef = 6482446E1941457C0029BC31 /* TipViewController.xib */; };
		64824474194145910029BC31 /* SettingsViewController.m in Sources */ = {isa = PBXBuildFile; fileRef = 64824472194145910029BC31 /* SettingsViewController.m */; };
		64824475194145910029BC31 /* SettingsViewController.xib in Resources */ = {isa = PBXBuildFile; fileRef = 64824473194145910029BC31 /* SettingsViewController.xib */; };
/* End PBXBuildFile section */

/* Begin PBXContainerItemProxy section */
		6482445A1941454E0029BC31 /* PBXContainerItemProxy */ = {
			isa = PBXContainerItemProxy;
			containerPortal = 648244321941454D0029BC31 /* Project object */;
			proxyType = 1;
			remoteGlobalIDString = 648244391941454D0029BC31;
			remoteInfo = newtipcalc;
		};
/* End PBXContainerItemProxy section */

/* Begin PBXFileReference section */
		6482443A1941454D0029BC31 /* newtipcalc.app */ = {isa = PBXFileReference; explicitFileType = wrapper.application; includeInIndex = 0; path = newtipcalc.app; sourceTree = BUILT_PRODUCTS_DIR; };
		6482443D1941454D0029BC31 /* Foundation.framework */ = {isa = PBXFileReference; lastKnownFileType = wrapper.framework; name = Foundation.framework; path = System/Library/Frameworks/Foundation.framework; sourceTree = SDKROOT; };
		6482443F1941454D0029BC31 /* CoreGraphics.framework */ = {isa = PBXFileReference; lastKnownFileType = wrapper.framework; name = CoreGraphics.framework; path = System/Library/Frameworks/CoreGraphics.framework; sourceTree = SDKROOT; };
		648244411941454D0029BC31 /* UIKit.framework */ = {isa = PBXFileReference; lastKnownFileType = wrapper.framework; name = UIKit.framework; path = System/Library/Frameworks/UIKit.framework; sourceTree = SDKROOT; };
		648244451941454D0029BC31 /* newtipcalc-Info.plist */ = {isa = PBXFileReference; lastKnownFileType = text.plist.xml; path = "newtipcalc-Info.plist"; sourceTree = "<group>"; };
		648244471941454D0029BC31 /* en */ = {isa = PBXFileReference; lastKnownFileType = text.plist.strings; name = en; path = en.lproj/InfoPlist.strings; sourceTree = "<group>"; };
		648244491941454D0029BC31 /* main.m */ = {isa = PBXFileReference; lastKnownFileType = sourcecode.c.objc; path = main.m; sourceTree = "<group>"; };
		6482444B1941454D0029BC31 /* newtipcalc-Prefix.pch */ = {isa = PBXFileReference; lastKnownFileType = sourcecode.c.h; path = "newtipcalc-Prefix.pch"; sourceTree = "<group>"; };
		6482444C1941454D0029BC31 /* AppDelegate.h */ = {isa = PBXFileReference; lastKnownFileType = sourcecode.c.h; path = AppDelegate.h; sourceTree = "<group>"; };
		6482444D1941454D0029BC31 /* AppDelegate.m */ = {isa = PBXFileReference; lastKnownFileType = sourcecode.c.objc; path = AppDelegate.m; sourceTree = "<group>"; };
		6482444F1941454D0029BC31 /* Images.xcassets */ = {isa = PBXFileReference; lastKnownFileType = folder.assetcatalog; path = Images.xcassets; sourceTree = "<group>"; };
		648244551941454E0029BC31 /* newtipcalcTests.xctest */ = {isa = PBXFileReference; explicitFileType = wrapper.cfbundle; includeInIndex = 0; path = newtipcalcTests.xctest; sourceTree = BUILT_PRODUCTS_DIR; };
		648244561941454E0029BC31 /* XCTest.framework */ = {isa = PBXFileReference; lastKnownFileType = wrapper.framework; name = XCTest.framework; path = Library/Frameworks/XCTest.framework; sourceTree = DEVELOPER_DIR; };
		6482445E1941454E0029BC31 /* newtipcalcTests-Info.plist */ = {isa = PBXFileReference; lastKnownFileType = text.plist.xml; path = "newtipcalcTests-Info.plist"; sourceTree = "<group>"; };
		648244601941454E0029BC31 /* en */ = {isa = PBXFileReference; lastKnownFileType = text.plist.strings; name = en; path = en.lproj/InfoPlist.strings; sourceTree = "<group>"; };
		648244621941454E0029BC31 /* newtipcalcTests.m */ = {isa = PBXFileReference; lastKnownFileType = sourcecode.c.objc; path = newtipcalcTests.m; sourceTree = "<group>"; };
		6482446C1941457C0029BC31 /* TipViewController.h */ = {isa = PBXFileReference; fileEncoding = 4; lastKnownFileType = sourcecode.c.h; path = TipViewController.h; sourceTree = "<group>"; };
		6482446D1941457C0029BC31 /* TipViewController.m */ = {isa = PBXFileReference; fileEncoding = 4; lastKnownFileType = sourcecode.c.objc; path = TipViewController.m; sourceTree = "<group>"; };
		6482446E1941457C0029BC31 /* TipViewController.xib */ = {isa = PBXFileReference; fileEncoding = 4; lastKnownFileType = file.xib; path = TipViewController.xib; sourceTree = "<group>"; };
		64824471194145910029BC31 /* SettingsViewController.h */ = {isa = PBXFileReference; fileEncoding = 4; lastKnownFileType = sourcecode.c.h; path = SettingsViewController.h; sourceTree = "<group>"; };
		64824472194145910029BC31 /* SettingsViewController.m */ = {isa = PBXFileReference; fileEncoding = 4; lastKnownFileType = sourcecode.c.objc; path = SettingsViewController.m; sourceTree = "<group>"; };
		64824473194145910029BC31 /* SettingsViewController.xib */ = {isa = PBXFileReference; fileEncoding = 4; lastKnownFileType = file.xib; path = SettingsViewController.xib; sourceTree = "<group>"; };
/* End PBXFileReference section */

/* Begin PBXFrameworksBuildPhase section */
		648244371941454D0029BC31 /* Frameworks */ = {
			isa = PBXFrameworksBuildPhase;
			buildActionMask = 2147483647;
			files = (
				648244401941454D0029BC31 /* CoreGraphics.framework in Frameworks */,
				648244421941454D0029BC31 /* UIKit.framework in Frameworks */,
				6482443E1941454D0029BC31 /* Foundation.framework in Frameworks */,
			);
			runOnlyForDeploymentPostprocessing = 0;
		};
		648244521941454E0029BC31 /* Frameworks */ = {
			isa = PBXFrameworksBuildPhase;
			buildActionMask = 2147483647;
			files = (
				648244571941454E0029BC31 /* XCTest.framework in Frameworks */,
				648244591941454E0029BC31 /* UIKit.framework in Frameworks */,
				648244581941454E0029BC31 /* Foundation.framework in Frameworks */,
			);
			runOnlyForDeploymentPostprocessing = 0;
		};
/* End PBXFrameworksBuildPhase section */

/* Begin PBXGroup section */
		648244311941454D0029BC31 = {
			isa = PBXGroup;
			children = (
				648244431941454D0029BC31 /* newtipcalc */,
				6482445C1941454E0029BC31 /* newtipcalcTests */,
				6482443C1941454D0029BC31 /* Frameworks */,
				6482443B1941454D0029BC31 /* Products */,
			);
			sourceTree = "<group>";
		};
		6482443B1941454D0029BC31 /* Products */ = {
			isa = PBXGroup;
			children = (
				6482443A1941454D0029BC31 /* newtipcalc.app */,
				648244551941454E0029BC31 /* newtipcalcTests.xctest */,
			);
			name = Products;
			sourceTree = "<group>";
		};
		6482443C1941454D0029BC31 /* Frameworks */ = {
			isa = PBXGroup;
			children = (
				6482443D1941454D0029BC31 /* Foundation.framework */,
				6482443F1941454D0029BC31 /* CoreGraphics.framework */,
				648244411941454D0029BC31 /* UIKit.framework */,
				648244561941454E0029BC31 /* XCTest.framework */,
			);
			name = Frameworks;
			sourceTree = "<group>";
		};
		648244431941454D0029BC31 /* newtipcalc */ = {
			isa = PBXGroup;
			children = (
				6482444C1941454D0029BC31 /* AppDelegate.h */,
				6482444D1941454D0029BC31 /* AppDelegate.m */,
				6482446C1941457C0029BC31 /* TipViewController.h */,
				6482446D1941457C0029BC31 /* TipViewController.m */,
				6482446E1941457C0029BC31 /* TipViewController.xib */,
				64824471194145910029BC31 /* SettingsViewController.h */,
				64824472194145910029BC31 /* SettingsViewController.m */,
				64824473194145910029BC31 /* SettingsViewController.xib */,
				6482444F1941454D0029BC31 /* Images.xcassets */,
				648244441941454D0029BC31 /* Supporting Files */,
			);
			path = newtipcalc;
			sourceTree = "<group>";
		};
		648244441941454D0029BC31 /* Supporting Files */ = {
			isa = PBXGroup;
			children = (
				648244451941454D0029BC31 /* newtipcalc-Info.plist */,
				648244461941454D0029BC31 /* InfoPlist.strings */,
				648244491941454D0029BC31 /* main.m */,
				6482444B1941454D0029BC31 /* newtipcalc-Prefix.pch */,
			);
			name = "Supporting Files";
			sourceTree = "<group>";
		};
		6482445C1941454E0029BC31 /* newtipcalcTests */ = {
			isa = PBXGroup;
			children = (
				648244621941454E0029BC31 /* newtipcalcTests.m */,
				6482445D1941454E0029BC31 /* Supporting Files */,
			);
			path = newtipcalcTests;
			sourceTree = "<group>";
		};
		6482445D1941454E0029BC31 /* Supporting Files */ = {
			isa = PBXGroup;
			children = (
				6482445E1941454E0029BC31 /* newtipcalcTests-Info.plist */,
				6482445F1941454E0029BC31 /* InfoPlist.strings */,
			);
			name = "Supporting Files";
			sourceTree = "<group>";
		};
/* End PBXGroup section */

/* Begin PBXNativeTarget section */
		648244391941454D0029BC31 /* newtipcalc */ = {
			isa = PBXNativeTarget;
			buildConfigurationList = 648244661941454E0029BC31 /* Build configuration list for PBXNativeTarget "newtipcalc" */;
			buildPhases = (
				648244361941454D0029BC31 /* Sources */,
				648244371941454D0029BC31 /* Frameworks */,
				648244381941454D0029BC31 /* Resources */,
			);
			buildRules = (
			);
			dependencies = (
			);
			name = newtipcalc;
			productName = newtipcalc;
			productReference = 6482443A1941454D0029BC31 /* newtipcalc.app */;
			productType = "com.apple.product-type.application";
		};
		648244541941454E0029BC31 /* newtipcalcTests */ = {
			isa = PBXNativeTarget;
			buildConfigurationList = 648244691941454E0029BC31 /* Build configuration list for PBXNativeTarget "newtipcalcTests" */;
			buildPhases = (
				648244511941454E0029BC31 /* Sources */,
				648244521941454E0029BC31 /* Frameworks */,
				648244531941454E0029BC31 /* Resources */,
			);
			buildRules = (
			);
			dependencies = (
				6482445B1941454E0029BC31 /* PBXTargetDependency */,
			);
			name = newtipcalcTests;
			productName = newtipcalcTests;
			productReference = 648244551941454E0029BC31 /* newtipcalcTests.xctest */;
			productType = "com.apple.product-type.bundle.unit-test";
		};
/* End PBXNativeTarget section */

/* Begin PBXProject section */
		648244321941454D0029BC31 /* Project object */ = {
			isa = PBXProject;
			attributes = {
				LastUpgradeCheck = 0510;
				ORGANIZATIONNAME = "Ozzie Sabina";
				TargetAttributes = {
					648244541941454E0029BC31 = {
						TestTargetID = 648244391941454D0029BC31;
					};
				};
			};
			buildConfigurationList = 648244351941454D0029BC31 /* Build configuration list for PBXProject "newtipcalc" */;
			compatibilityVersion = "Xcode 3.2";
			developmentRegion = English;
			hasScannedForEncodings = 0;
			knownRegions = (
				en,
			);
			mainGroup = 648244311941454D0029BC31;
			productRefGroup = 6482443B1941454D0029BC31 /* Products */;
			projectDirPath = "";
			projectRoot = "";
			targets = (
				648244391941454D0029BC31 /* newtipcalc */,
				648244541941454E0029BC31 /* newtipcalcTests */,
			);
		};
/* End PBXProject section */

/* Begin PBXResourcesBuildPhase section */
		648244381941454D0029BC31 /* Resources */ = {
			isa = PBXResourcesBuildPhase;
			buildActionMask = 2147483647;
			files = (
				648244701941457C0029BC31 /* TipViewController.xib in Resources */,
				648244481941454D0029BC31 /* InfoPlist.strings in Resources */,
				648244501941454D0029BC31 /* Images.xcassets in Resources */,
				64824475194145910029BC31 /* SettingsViewController.xib in Resources */,
			);
			runOnlyForDeploymentPostprocessing = 0;
		};
		648244531941454E0029BC31 /* Resources */ = {
			isa = PBXResourcesBuildPhase;
			buildActionMask = 2147483647;
			files = (
				648244611941454E0029BC31 /* InfoPlist.strings in Resources */,
			);
			runOnlyForDeploymentPostprocessing = 0;
		};
/* End PBXResourcesBuildPhase section */

/* Begin PBXSourcesBuildPhase section */
		648244361941454D0029BC31 /* Sources */ = {
			isa = PBXSourcesBuildPhase;
			buildActionMask = 2147483647;
			files = (
				6482444E1941454D0029BC31 /* AppDelegate.m in Sources */,
				6482446F1941457C0029BC31 /* TipViewController.m in Sources */,
				6482444A1941454D0029BC31 /* main.m in Sources */,
				64824474194145910029BC31 /* SettingsViewController.m in Sources */,
			);
			runOnlyForDeploymentPostprocessing = 0;
		};
		648244511941454E0029BC31 /* Sources */ = {
			isa = PBXSourcesBuildPhase;
			buildActionMask = 2147483647;
			files = (
				648244631941454E0029BC31 /* newtipcalcTests.m in Sources */,
			);
			runOnlyForDeploymentPostprocessing = 0;
		};
/* End PBXSourcesBuildPhase section */

/* Begin PBXTargetDependency section */
		6482445B1941454E0029BC31 /* PBXTargetDependency */ = {
			isa = PBXTargetDependency;
			target = 648244391941454D0029BC31 /* newtipcalc */;
			targetProxy = 6482445A1941454E0029BC31 /* PBXContainerItemProxy */;
		};
/* End PBXTargetDependency section */

/* Begin PBXVariantGroup section */
		648244461941454D0029BC31 /* InfoPlist.strings */ = {
			isa = PBXVariantGroup;
			children = (
				648244471941454D0029BC31 /* en */,
			);
			name = InfoPlist.strings;
			sourceTree = "<group>";
		};
		6482445F1941454E0029BC31 /* InfoPlist.strings */ = {
			isa = PBXVariantGroup;
			children = (
				648244601941454E0029BC31 /* en */,
			);
			name = InfoPlist.strings;
			sourceTree = "<group>";
		};
/* End PBXVariantGroup section */

/* Begin XCBuildConfiguration section */
		648244641941454E0029BC31 /* Debug */ = {
			isa = XCBuildConfiguration;
			buildSettings = {
				ALWAYS_SEARCH_USER_PATHS = NO;
				CLANG_CXX_LANGUAGE_STANDARD = "gnu++0x";
				CLANG_CXX_LIBRARY = "libc++";
				CLANG_ENABLE_MODULES = YES;
				CLANG_ENABLE_OBJC_ARC = YES;
				CLANG_WARN_BOOL_CONVERSION = YES;
				CLANG_WARN_CONSTANT_CONVERSION = YES;
				CLANG_WARN_DIRECT_OBJC_ISA_USAGE = YES_ERROR;
				CLANG_WARN_EMPTY_BODY = YES;
				CLANG_WARN_ENUM_CONVERSION = YES;
				CLANG_WARN_INT_CONVERSION = YES;
				CLANG_WARN_OBJC_ROOT_CLASS = YES_ERROR;
				CLANG_WARN__DUPLICATE_METHOD_MATCH = YES;
				"CODE_SIGN_IDENTITY[sdk=iphoneos*]" = "iPhone Developer";
				COPY_PHASE_STRIP = NO;
				GCC_C_LANGUAGE_STANDARD = gnu99;
				GCC_DYNAMIC_NO_PIC = NO;
				GCC_OPTIMIZATION_LEVEL = 0;
				GCC_PREPROCESSOR_DEFINITIONS = (
					"DEBUG=1",
					"$(inherited)",
				);
				GCC_SYMBOLS_PRIVATE_EXTERN = NO;
				GCC_WARN_64_TO_32_BIT_CONVERSION = YES;
				GCC_WARN_ABOUT_RETURN_TYPE = YES_ERROR;
				GCC_WARN_UNDECLARED_SELECTOR = YES;
				GCC_WARN_UNINITIALIZED_AUTOS = YES_AGGRESSIVE;
				GCC_WARN_UNUSED_FUNCTION = YES;
				GCC_WARN_UNUSED_VARIABLE = YES;
				IPHONEOS_DEPLOYMENT_TARGET = 7.1;
				ONLY_ACTIVE_ARCH = YES;
				SDKROOT = iphoneos;
			};
			name = Debug;
		};
		648244651941454E0029BC31 /* Release */ = {
			isa = XCBuildConfiguration;
			buildSettings = {
				ALWAYS_SEARCH_USER_PATHS = NO;
				CLANG_CXX_LANGUAGE_STANDARD = "gnu++0x";
				CLANG_CXX_LIBRARY = "libc++";
				CLANG_ENABLE_MODULES = YES;
				CLANG_ENABLE_OBJC_ARC = YES;
				CLANG_WARN_BOOL_CONVERSION = YES;
				CLANG_WARN_CONSTANT_CONVERSION = YES;
				CLANG_WARN_DIRECT_OBJC_ISA_USAGE = YES_ERROR;
				CLANG_WARN_EMPTY_BODY = YES;
				CLANG_WARN_ENUM_CONVERSION = YES;
				CLANG_WARN_INT_CONVERSION = YES;
				CLANG_WARN_OBJC_ROOT_CLASS = YES_ERROR;
				CLANG_WARN__DUPLICATE_METHOD_MATCH = YES;
				"CODE_SIGN_IDENTITY[sdk=iphoneos*]" = "iPhone Developer";
				COPY_PHASE_STRIP = YES;
				ENABLE_NS_ASSERTIONS = NO;
				GCC_C_LANGUAGE_STANDARD = gnu99;
				GCC_WARN_64_TO_32_BIT_CONVERSION = YES;
				GCC_WARN_ABOUT_RETURN_TYPE = YES_ERROR;
				GCC_WARN_UNDECLARED_SELECTOR = YES;
				GCC_WARN_UNINITIALIZED_AUTOS = YES_AGGRESSIVE;
				GCC_WARN_UNUSED_FUNCTION = YES;
				GCC_WARN_UNUSED_VARIABLE = YES;
				IPHONEOS_DEPLOYMENT_TARGET = 7.1;
				SDKROOT = iphoneos;
				VALIDATE_PRODUCT = YES;
			};
			name = Release;
		};
		648244671941454E0029BC31 /* Debug */ = {
			isa = XCBuildConfiguration;
			buildSettings = {
				ASSETCATALOG_COMPILER_APPICON_NAME = AppIcon;
				ASSETCATALOG_COMPILER_LAUNCHIMAGE_NAME = LaunchImage;
				GCC_PRECOMPILE_PREFIX_HEADER = YES;
				GCC_PREFIX_HEADER = "newtipcalc/newtipcalc-Prefix.pch";
				INFOPLIST_FILE = "newtipcalc/newtipcalc-Info.plist";
				PRODUCT_NAME = "$(TARGET_NAME)";
				WRAPPER_EXTENSION = app;
			};
			name = Debug;
		};
		648244681941454E0029BC31 /* Release */ = {
			isa = XCBuildConfiguration;
			buildSettings = {
				ASSETCATALOG_COMPILER_APPICON_NAME = AppIcon;
				ASSETCATALOG_COMPILER_LAUNCHIMAGE_NAME = LaunchImage;
				GCC_PRECOMPILE_PREFIX_HEADER = YES;
				GCC_PREFIX_HEADER = "newtipcalc/newtipcalc-Prefix.pch";
				INFOPLIST_FILE = "newtipcalc/newtipcalc-Info.plist";
				PRODUCT_NAME = "$(TARGET_NAME)";
				WRAPPER_EXTENSION = app;
			};
			name = Release;
		};
		6482446A1941454E0029BC31 /* Debug */ = {
			isa = XCBuildConfiguration;
			buildSettings = {
				BUNDLE_LOADER = "$(BUILT_PRODUCTS_DIR)/newtipcalc.app/newtipcalc";
				FRAMEWORK_SEARCH_PATHS = (
					"$(SDKROOT)/Developer/Library/Frameworks",
					"$(inherited)",
					"$(DEVELOPER_FRAMEWORKS_DIR)",
				);
				GCC_PRECOMPILE_PREFIX_HEADER = YES;
				GCC_PREFIX_HEADER = "newtipcalc/newtipcalc-Prefix.pch";
				GCC_PREPROCESSOR_DEFINITIONS = (
					"DEBUG=1",
					"$(inherited)",
				);
				INFOPLIST_FILE = "newtipcalcTests/newtipcalcTests-Info.plist";
				PRODUCT_NAME = "$(TARGET_NAME)";
				TEST_HOST = "$(BUNDLE_LOADER)";
				WRAPPER_EXTENSION = xctest;
			};
			name = Debug;
		};
		6482446B1941454E0029BC31 /* Release */ = {
			isa = XCBuildConfiguration;
			buildSettings = {
				BUNDLE_LOADER = "$(BUILT_PRODUCTS_DIR)/newtipcalc.app/newtipcalc";
				FRAMEWORK_SEARCH_PATHS = (
					"$(SDKROOT)/Developer/Library/Frameworks",
					"$(inherited)",
					"$(DEVELOPER_FRAMEWORKS_DIR)",
				);
				GCC_PRECOMPILE_PREFIX_HEADER = YES;
				GCC_PREFIX_HEADER = "newtipcalc/newtipcalc-Prefix.pch";
				INFOPLIST_FILE = "newtipcalcTests/newtipcalcTests-Info.plist";
				PRODUCT_NAME = "$(TARGET_NAME)";
				TEST_HOST = "$(BUNDLE_LOADER)";
				WRAPPER_EXTENSION = xctest;
			};
			name = Release;
		};
/* End XCBuildConfiguration section */

/* Begin XCConfigurationList section */
		648244351941454D0029BC31 /* Build configuration list for PBXProject "newtipcalc" */ = {
			isa = XCConfigurationList;
			buildConfigurations = (
				648244641941454E0029BC31 /* Debug */,
				648244651941454E0029BC31 /* Release */,
			);
			defaultConfigurationIsVisible = 0;
			defaultConfigurationName = Release;
		};
		648244661941454E0029BC31 /* Build configuration list for PBXNativeTarget "newtipcalc" */ = {
			isa = XCConfigurationList;
			buildConfigurations = (
				648244671941454E0029BC31 /* Debug */,
				648244681941454E0029BC31 /* Release */,
			);
			defaultConfigurationIsVisible = 0;
		};
		648244691941454E0029BC31 /* Build configuration list for PBXNativeTarget "newtipcalcTests" */ = {
			isa = XCConfigurationList;
			buildConfigurations = (
				6482446A1941454E0029BC31 /* Debug */,
				6482446B1941454E0029BC31 /* Release */,
			);
			defaultConfigurationIsVisible = 0;
		};
/* End XCConfigurationList section */
	};
	rootObject = 648244321941454D0029BC31 /* Project object */;
}
